# THIS IS AN AUTOGENERATED FILE. DO NOT EDIT THIS FILE DIRECTLY.
# yarn lockfile v1


"@types/chai@^4.1.2":
  version "4.1.2"
  resolved "https://registry.yarnpkg.com/@types/chai/-/chai-4.1.2.tgz#f1af664769cfb50af805431c407425ed619daa21"

"@types/mocha@^5.0.0":
  version "5.0.0"
  resolved "https://registry.yarnpkg.com/@types/mocha/-/mocha-5.0.0.tgz#a3014921991066193f6c8e47290d4d598dfd19e6"

"@types/node@^9.6.2":
  version "9.6.2"
  resolved "https://registry.yarnpkg.com/@types/node/-/node-9.6.2.tgz#e49ac1adb458835e95ca6487bc20f916b37aff23"

assertion-error@^1.0.1:
  version "1.1.0"
  resolved "https://registry.yarnpkg.com/assertion-error/-/assertion-error-1.1.0.tgz#e60b6b0e8f301bd97e5375215bda406c85118c0b"

async@^2.0.0-rc.6:
  version "2.6.0"
  resolved "https://registry.yarnpkg.com/async/-/async-2.6.0.tgz#61a29abb6fcc026fea77e56d1c6ec53a795951f4"
  dependencies:
    lodash "^4.14.0"

async@~0.9.0:
  version "0.9.2"
  resolved "https://registry.yarnpkg.com/async/-/async-0.9.2.tgz#aea74d5e61c1f899613bf64bda66d4c78f2fd17d"

async@~1.0.0:
  version "1.0.0"
  resolved "https://registry.yarnpkg.com/async/-/async-1.0.0.tgz#f8fc04ca3a13784ade9e1641af98578cfbd647a9"

balanced-match@^1.0.0:
  version "1.0.0"
  resolved "https://registry.yarnpkg.com/balanced-match/-/balanced-match-1.0.0.tgz#89b4d199ab2bee49de164ea02b89ce462d71b767"

bignumber.js@4.0.4:
  version "4.0.4"
  resolved "https://registry.yarnpkg.com/bignumber.js/-/bignumber.js-4.0.4.tgz#7c40f5abcd2d6623ab7b99682ee7db81b11889a4"

brace-expansion@^1.1.7:
  version "1.1.11"
  resolved "https://registry.yarnpkg.com/brace-expansion/-/brace-expansion-1.1.11.tgz#3c7fcbf529d87226f3d2f52b966ff5271eb441dd"
  dependencies:
    balanced-match "^1.0.0"
    concat-map "0.0.1"

browser-stdout@1.3.1:
  version "1.3.1"
  resolved "https://registry.yarnpkg.com/browser-stdout/-/browser-stdout-1.3.1.tgz#baa559ee14ced73452229bad7326467c61fabd60"

chai@^4.1.2:
  version "4.1.2"
  resolved "https://registry.yarnpkg.com/chai/-/chai-4.1.2.tgz#0f64584ba642f0f2ace2806279f4f06ca23ad73c"
  dependencies:
    assertion-error "^1.0.1"
    check-error "^1.0.1"
    deep-eql "^3.0.0"
    get-func-name "^2.0.0"
    pathval "^1.0.0"
    type-detect "^4.0.0"

check-error@^1.0.1:
  version "1.0.2"
  resolved "https://registry.yarnpkg.com/check-error/-/check-error-1.0.2.tgz#574d312edd88bb5dd8912e9286dd6c0aed4aac82"

colors@1.0.x:
  version "1.0.3"
  resolved "https://registry.yarnpkg.com/colors/-/colors-1.0.3.tgz#0433f44d809680fdeb60ed260f1b0c262e82a40b"

colors@^1.1.2:
  version "1.2.1"
  resolved "https://registry.yarnpkg.com/colors/-/colors-1.2.1.tgz#f4a3d302976aaf042356ba1ade3b1a2c62d9d794"

commander@2.11.0:
  version "2.11.0"
  resolved "https://registry.yarnpkg.com/commander/-/commander-2.11.0.tgz#157152fd1e7a6c8d98a5b715cf376df928004563"

commander@^2.9.0:
  version "2.15.1"
  resolved "https://registry.yarnpkg.com/commander/-/commander-2.15.1.tgz#df46e867d0fc2aec66a34662b406a9ccafff5b0f"

concat-map@0.0.1:
  version "0.0.1"
  resolved "https://registry.yarnpkg.com/concat-map/-/concat-map-0.0.1.tgz#d8a96bd77fd68df7793a73036a3ba0d5405d477b"

core-util-is@~1.0.0:
  version "1.0.2"
  resolved "https://registry.yarnpkg.com/core-util-is/-/core-util-is-1.0.2.tgz#b5fd54220aa2bc5ab57aab7140c940754503c1a7"

cycle@1.0.x:
  version "1.0.3"
  resolved "https://registry.yarnpkg.com/cycle/-/cycle-1.0.3.tgz#21e80b2be8580f98b468f379430662b046c34ad2"

debug@3.1.0:
  version "3.1.0"
  resolved "https://registry.yarnpkg.com/debug/-/debug-3.1.0.tgz#5bb5a0672628b64149566ba16819e61518c67261"
  dependencies:
    ms "2.0.0"

deep-eql@^3.0.0:
  version "3.0.1"
  resolved "https://registry.yarnpkg.com/deep-eql/-/deep-eql-3.0.1.tgz#dfc9404400ad1c8fe023e7da1df1c147c4b444df"
  dependencies:
    type-detect "^4.0.0"

deep-equal@~0.2.1:
  version "0.2.2"
  resolved "https://registry.yarnpkg.com/deep-equal/-/deep-equal-0.2.2.tgz#84b745896f34c684e98f2ce0e42abaf43bba017d"

diff@3.5.0:
  version "3.5.0"
  resolved "https://registry.yarnpkg.com/diff/-/diff-3.5.0.tgz#800c0dd1e0a8bfbc95835c202ad220fe317e5a12"

escape-string-regexp@1.0.5:
  version "1.0.5"
  resolved "https://registry.yarnpkg.com/escape-string-regexp/-/escape-string-regexp-1.0.5.tgz#1b61c0562190a8dff6ae3bb2cf0200ca130b86d4"

eyes@0.1.x:
  version "0.1.8"
  resolved "https://registry.yarnpkg.com/eyes/-/eyes-0.1.8.tgz#62cf120234c683785d902348a800ef3e0cc20bc0"

fs.realpath@^1.0.0:
  version "1.0.0"
  resolved "https://registry.yarnpkg.com/fs.realpath/-/fs.realpath-1.0.0.tgz#1504ad2523158caa40db4a2787cb01411994ea4f"

get-func-name@^2.0.0:
  version "2.0.0"
  resolved "https://registry.yarnpkg.com/get-func-name/-/get-func-name-2.0.0.tgz#ead774abee72e20409433a066366023dd6887a41"

glob@7.1.2, glob@^7.0.5:
  version "7.1.2"
  resolved "https://registry.yarnpkg.com/glob/-/glob-7.1.2.tgz#c19c9df9a028702d678612384a6552404c636d15"
  dependencies:
    fs.realpath "^1.0.0"
    inflight "^1.0.4"
    inherits "2"
    minimatch "^3.0.4"
    once "^1.3.0"
    path-is-absolute "^1.0.0"

growl@1.10.3:
  version "1.10.3"
  resolved "https://registry.yarnpkg.com/growl/-/growl-1.10.3.tgz#1926ba90cf3edfe2adb4927f5880bc22c66c790f"

has-flag@^2.0.0:
  version "2.0.0"
  resolved "https://registry.yarnpkg.com/has-flag/-/has-flag-2.0.0.tgz#e8207af1cc7b30d446cc70b734b5e8be18f88d51"

he@1.1.1:
  version "1.1.1"
  resolved "https://registry.yarnpkg.com/he/-/he-1.1.1.tgz#93410fd21b009735151f8868c2f271f3427e23fd"

i@0.3.x:
  version "0.3.6"
  resolved "https://registry.yarnpkg.com/i/-/i-0.3.6.tgz#d96c92732076f072711b6b10fd7d4f65ad8ee23d"

inflight@^1.0.4:
  version "1.0.6"
  resolved "https://registry.yarnpkg.com/inflight/-/inflight-1.0.6.tgz#49bd6331d7d02d0c09bc910a1075ba8165b56df9"
  dependencies:
    once "^1.3.0"
    wrappy "1"

inherits@2, inherits@~2.0.3:
  version "2.0.3"
  resolved "https://registry.yarnpkg.com/inherits/-/inherits-2.0.3.tgz#633c2c83e3da42a502f52466022480f4208261de"

isarray@~1.0.0:
  version "1.0.0"
  resolved "https://registry.yarnpkg.com/isarray/-/isarray-1.0.0.tgz#bb935d48582cba168c06834957a54a3e07124f11"

isstream@0.1.x:
  version "0.1.2"
  resolved "https://registry.yarnpkg.com/isstream/-/isstream-0.1.2.tgz#47e63f7af55afa6f92e1500e690eb8b8529c099a"

lodash@^4.14.0, lodash@^4.17.5:
  version "4.17.5"
  resolved "https://registry.yarnpkg.com/lodash/-/lodash-4.17.5.tgz#99a92d65c0272debe8c96b6057bc8fbfa3bed511"

minimatch@^3.0.4:
  version "3.0.4"
  resolved "https://registry.yarnpkg.com/minimatch/-/minimatch-3.0.4.tgz#5166e286457f03306064be5497e8dbb0c3d32083"
  dependencies:
    brace-expansion "^1.1.7"

minimist@0.0.8:
  version "0.0.8"
  resolved "https://registry.yarnpkg.com/minimist/-/minimist-0.0.8.tgz#857fcabfc3397d2625b8228262e86aa7a011b05d"

mkdirp@0.5.1, mkdirp@0.x.x:
  version "0.5.1"
  resolved "https://registry.yarnpkg.com/mkdirp/-/mkdirp-0.5.1.tgz#30057438eac6cf7f8c4767f38648d6697d75c903"
  dependencies:
    minimist "0.0.8"

mocha@^5.0.5:
  version "5.0.5"
  resolved "https://registry.yarnpkg.com/mocha/-/mocha-5.0.5.tgz#e228e3386b9387a4710007a641f127b00be44b52"
  dependencies:
    browser-stdout "1.3.1"
    commander "2.11.0"
    debug "3.1.0"
    diff "3.5.0"
    escape-string-regexp "1.0.5"
    glob "7.1.2"
    growl "1.10.3"
    he "1.1.1"
    mkdirp "0.5.1"
    supports-color "4.4.0"

ms@2.0.0:
  version "2.0.0"
  resolved "https://registry.yarnpkg.com/ms/-/ms-2.0.0.tgz#5608aeadfc00be6c2901df5f9861788de0d597c8"

mute-stream@~0.0.4:
  version "0.0.7"
  resolved "https://registry.yarnpkg.com/mute-stream/-/mute-stream-0.0.7.tgz#3075ce93bc21b8fab43e1bc4da7e8115ed1e7bab"

mysql@^2.11.1:
  version "2.15.0"
  resolved "https://registry.yarnpkg.com/mysql/-/mysql-2.15.0.tgz#ea16841156343e8f2e47fc8985ec41cdd9573b5c"
  dependencies:
    bignumber.js "4.0.4"
    readable-stream "2.3.3"
    safe-buffer "5.1.1"
    sqlstring "2.3.0"

ncp@1.0.x:
  version "1.0.1"
  resolved "https://registry.yarnpkg.com/ncp/-/ncp-1.0.1.tgz#d15367e5cb87432ba117d2bf80fdf45aecfb4246"

once@^1.3.0:
  version "1.4.0"
  resolved "https://registry.yarnpkg.com/once/-/once-1.4.0.tgz#583b1aa775961d4b113ac17d9c50baef9dd76bd1"
  dependencies:
    wrappy "1"

path-is-absolute@^1.0.0:
  version "1.0.1"
  resolved "https://registry.yarnpkg.com/path-is-absolute/-/path-is-absolute-1.0.1.tgz#174b9268735534ffbc7ace6bf53a5a9e1b5c5f5f"

pathval@^1.0.0:
  version "1.1.0"
  resolved "https://registry.yarnpkg.com/pathval/-/pathval-1.1.0.tgz#b942e6d4bde653005ef6b71361def8727d0645e0"

pkginfo@0.3.x:
  version "0.3.1"
  resolved "https://registry.yarnpkg.com/pkginfo/-/pkginfo-0.3.1.tgz#5b29f6a81f70717142e09e765bbeab97b4f81e21"

pkginfo@0.x.x:
  version "0.4.1"
  resolved "https://registry.yarnpkg.com/pkginfo/-/pkginfo-0.4.1.tgz#b5418ef0439de5425fc4995042dced14fb2a84ff"

process-nextick-args@~1.0.6:
  version "1.0.7"
  resolved "https://registry.yarnpkg.com/process-nextick-args/-/process-nextick-args-1.0.7.tgz#150e20b756590ad3f91093f25a4f2ad8bff30ba3"

prompt@^1.0.0:
  version "1.0.0"
  resolved "https://registry.yarnpkg.com/prompt/-/prompt-1.0.0.tgz#8e57123c396ab988897fb327fd3aedc3e735e4fe"
  dependencies:
    colors "^1.1.2"
    pkginfo "0.x.x"
    read "1.0.x"
    revalidator "0.1.x"
    utile "0.3.x"
    winston "2.1.x"

read@1.0.x:
  version "1.0.7"
  resolved "https://registry.yarnpkg.com/read/-/read-1.0.7.tgz#b3da19bd052431a97671d44a42634adf710b40c4"
  dependencies:
    mute-stream "~0.0.4"

readable-stream@2.3.3:
  version "2.3.3"
  resolved "https://registry.yarnpkg.com/readable-stream/-/readable-stream-2.3.3.tgz#368f2512d79f9d46fdfc71349ae7878bbc1eb95c"
  dependencies:
    core-util-is "~1.0.0"
    inherits "~2.0.3"
    isarray "~1.0.0"
    process-nextick-args "~1.0.6"
    safe-buffer "~5.1.1"
    string_decoder "~1.0.3"
    util-deprecate "~1.0.1"

revalidator@0.1.x:
  version "0.1.8"
  resolved "https://registry.yarnpkg.com/revalidator/-/revalidator-0.1.8.tgz#fece61bfa0c1b52a206bd6b18198184bdd523a3b"

rimraf@2.x.x:
  version "2.6.2"
  resolved "https://registry.yarnpkg.com/rimraf/-/rimraf-2.6.2.tgz#2ed8150d24a16ea8651e6d6ef0f47c4158ce7a36"
  dependencies:
    glob "^7.0.5"

safe-buffer@5.1.1, safe-buffer@~5.1.0, safe-buffer@~5.1.1:
  version "5.1.1"
  resolved "https://registry.yarnpkg.com/safe-buffer/-/safe-buffer-5.1.1.tgz#893312af69b2123def71f57889001671eeb2c853"

sqlstring@2.3.0:
  version "2.3.0"
  resolved "https://registry.yarnpkg.com/sqlstring/-/sqlstring-2.3.0.tgz#525b8a4fd26d6f71aa61e822a6caf976d31ad2a8"

stack-trace@0.0.x:
  version "0.0.10"
  resolved "https://registry.yarnpkg.com/stack-trace/-/stack-trace-0.0.10.tgz#547c70b347e8d32b4e108ea1a2a159e5fdde19c0"

string_decoder@~1.0.3:
  version "1.0.3"
  resolved "https://registry.yarnpkg.com/string_decoder/-/string_decoder-1.0.3.tgz#0fc67d7c141825de94282dd536bec6b9bce860ab"
  dependencies:
    safe-buffer "~5.1.0"

supports-color@4.4.0:
  version "4.4.0"
  resolved "https://registry.yarnpkg.com/supports-color/-/supports-color-4.4.0.tgz#883f7ddabc165142b2a61427f3352ded195d1a3e"
  dependencies:
    has-flag "^2.0.0"

type-detect@^4.0.0:
  version "4.0.8"
  resolved "https://registry.yarnpkg.com/type-detect/-/type-detect-4.0.8.tgz#7646fb5f18871cfbb7749e69bd39a6388eb7450c"

typescript@^2.8.1:
  version "2.8.1"
  resolved "https://registry.yarnpkg.com/typescript/-/typescript-2.8.1.tgz#6160e4f8f195d5ba81d4876f9c0cc1fbc0820624"

util-deprecate@~1.0.1:
  version "1.0.2"
  resolved "https://registry.yarnpkg.com/util-deprecate/-/util-deprecate-1.0.2.tgz#450d4dc9fa70de732762fbd2d4a28981419a0ccf"

utile@0.3.x:
  version "0.3.0"
  resolved "https://registry.yarnpkg.com/utile/-/utile-0.3.0.tgz#1352c340eb820e4d8ddba039a4fbfaa32ed4ef3a"
  dependencies:
    async "~0.9.0"
    deep-equal "~0.2.1"
    i "0.3.x"
    mkdirp "0.x.x"
    ncp "1.0.x"
    rimraf "2.x.x"

winston@2.1.x:
  version "2.1.1"
  resolved "https://registry.yarnpkg.com/winston/-/winston-2.1.1.tgz#3c9349d196207fd1bdff9d4bc43ef72510e3a12e"
  dependencies:
    async "~1.0.0"
    colors "1.0.x"
    cycle "1.0.x"
    eyes "0.1.x"
    isstream "0.1.x"
    pkginfo "0.3.x"
    stack-trace "0.0.x"

wrappy@1:
  version "1.0.2"
  resolved "https://registry.yarnpkg.com/wrappy/-/wrappy-1.0.2.tgz#b5243d8f3ec1aa35f1364605bc0d1036e30ab69f"
